
Microsoft Visual Studio Solution File, Format Version 12.00
# Visual Studio Version 17
VisualStudioVersion = 17.2.32630.192
MinimumVisualStudioVersion = 10.0.40219.1
Project("{FAE04EC0-301F-11D3-BF4B-00C04F79EFBC}") = "CrudAndRestore", "CrudAndRestore.csproj", "{7DAD3A37-5380-4FDA-B0A1-D776E8410BC2}"
EndProject
Global
	GlobalSection(SolutionConfigurationPlatforms) = preSolution
		Debug|Any CPU = Debug|Any CPU
		Release|Any CPU = Release|Any CPU
	EndGlobalSection
	GlobalSection(ProjectConfigurationPlatforms) = postSolution
		{7DAD3A37-5380-4FDA-B0A1-D776E8410BC2}.Debug|Any CPU.ActiveCfg = Debug|Any CPU
		{7DAD3A37-5380-4FDA-B0A1-D776E8410BC2}.Debug|Any CPU.Build.0 = Debug|Any CPU
		{7DAD3A37-5380-4FDA-B0A1-D776E8410BC2}.Release|Any CPU.ActiveCfg = Release|Any CPU
		{7DAD3A37-5380-4FDA-B0A1-D776E8410BC2}.Release|Any CPU.Build.0 = Release|Any CPU
	EndGlobalSection
	GlobalSection(SolutionProperties) = preSolution
		HideSolutionNode = FALSE
	EndGlobalSection
	GlobalSection(ExtensibilityGlobals) = postSolution
		SolutionGuid = {C839B126-7FCD-4FE1-B2F7-EAD12301AEE4}
	EndGlobalSection
EndGlobal
